# THIS IS AN AUTOGENERATED FILE. DO NOT EDIT THIS FILE DIRECTLY.
# yarn lockfile v1


"@babel/runtime@^7.10.4":
  "integrity" "sha512-TeWkU52so0mPtDcaCTxNBI/IHiz0pZgr8VEFqXFtZWpYD08ZB6FaSwVAS8MKRQAP3bYKiVjwysOJgMFY28o6Tw=="
  "resolved" "https://registry.npmjs.org/@babel/runtime/-/runtime-7.11.2.tgz"
  "version" "7.11.2"
  dependencies:
    "regenerator-runtime" "^0.13.4"

"@binance-chain/javascript-sdk@^4.1.1":
  "integrity" "sha512-UeHRv1r7KiTZ3XnSrBLv5IxydDcZnEzykyQ9MJrxBXkUxApc4liZ4VW5g+32eOWfqFHNlyfb58f+MNhPntal2A=="
  "resolved" "https://registry.npmjs.org/@binance-chain/javascript-sdk/-/javascript-sdk-4.1.1.tgz"
  "version" "4.1.1"
  dependencies:
    "@babel/runtime" "^7.10.4"
    "@ledgerhq/hw-transport-u2f" "^5.9.0"
    "@ledgerhq/hw-transport-web-ble" "^5.9.0"
    "@types/bech32" "^1.1.2"
    "@types/big.js" "^4.0.5"
    "@types/bn.js" "^4.11.6"
    "@types/crypto-js" "^3.1.43"
    "@types/elliptic" "^6.4.12"
    "@types/jest" "^25.1.4"
    "@types/ledgerhq__hw-transport" "^4.21.2"
    "@types/lodash" "^4.14.149"
    "@types/node" "^13.9.0"
    "@types/pumpify" "^1.4.1"
    "@types/tiny-secp256k1" "^1.0.0"
    "@types/uuid" "^7.0.0"
    "axios" "^0.19.0"
    "bech32" "^1.1.3"
    "big.js" "^5.2.2"
    "bip32" "^2.0.5"
    "bip39" "^3.0.2"
    "bn.js" "^4.11.8"
    "camelcase" "^5.3.1"
    "crypto-browserify" "^3.12.0"
    "crypto-js" "^3.1.9-1"
    "elliptic" "^6.0.0"
    "eslint-utils" "^1.4.2"
    "events" "^3.0.0"
    "is_js" "^0.9.0"
    "lodash" "^4.17.19"
    "minimist" "^1.2.5"
    "ndjson" "^1.5.0"
    "protocol-buffers-encodings" "^1.1.0"
    "pumpify" "^2.0.1"
    "secure-random" "^1.1.2"
    "tiny-secp256k1" "^1.1.3"
    "url" "^0.11.0"
    "uuid" "^3.3.2"
    "websocket-stream" "^5.5.0"
  optionalDependencies:
    "@ledgerhq/hw-transport-node-hid" "^5.10.0"

"@jest/types@^25.5.0":
  "integrity" "sha512-OXD0RgQ86Tu3MazKo8bnrkDRaDXXMGUqd+kTtLtK1Zb7CRzQcaSRPPPV37SvYTdevXEBVxe0HXylEjs8ibkmCw=="
  "resolved" "https://registry.npmjs.org/@jest/types/-/types-25.5.0.tgz"
  "version" "25.5.0"
  dependencies:
    "@types/istanbul-lib-coverage" "^2.0.0"
    "@types/istanbul-reports" "^1.1.1"
    "@types/yargs" "^15.0.0"
    "chalk" "^3.0.0"

"@kava-labs/javascript-sdk@3.0.0-beta.1":
  "integrity" "sha512-8VTLk/JKK5bKTRBFPPvsjwOZzZL3voU6B9iAi50X5f4bRHHYrJa30RMTNGlsnCrzzcm0rvtsw1CuHtkFcystTw=="
  "resolved" "https://registry.npmjs.org/@kava-labs/javascript-sdk/-/javascript-sdk-3.0.0-beta.1.tgz"
  "version" "3.0.0-beta.1"
  dependencies:
    "@kava-labs/sig" "^0.1.0"
    "axios" "^0.19.2"
    "bech32" "^1.1.3"
    "big.js" "^5.2.2"
    "bip39" "^3.0.2"
    "crypto-js" "^4.0.0"
    "lodash" "^4.17.19"
    "url" "^0.11.0"

"@kava-labs/sig@^0.1.0":
  "integrity" "sha512-LvVW0aL8Z4yZzDh2yxYUBluwJfpIX2W6unbFDpKR+roB8axBXWz9hiDZiYzGMPbwQUiCGu91C0p4gqOy679Jcg=="
  "resolved" "https://registry.npmjs.org/@kava-labs/sig/-/sig-0.1.0.tgz"
  "version" "0.1.0"
  dependencies:
    "@tendermint/belt" "0.2.1"
    "@tendermint/types" "0.1.1"
    "bech32" "1.1.3"
    "bip32" "2.0.4"
    "bip39" "3.0.2"
    "create-hash" "1.2.0"
    "secp256k1" "3.7.1"

"@ledgerhq/devices@^5.26.0":
  "integrity" "sha512-atD6al6E6j2tT7vefnW5r0bbZVURsOFbvyqy4Cknv659xVO/+i4pftgRaATecGD+evprRMcI+Rt1G1WtP3z66Q=="
  "resolved" "https://registry.npmjs.org/@ledgerhq/devices/-/devices-5.26.0.tgz"
  "version" "5.26.0"
  dependencies:
    "@ledgerhq/errors" "^5.26.0"
    "@ledgerhq/logs" "^5.26.0"
    "rxjs" "^6.6.3"

"@ledgerhq/errors@^5.26.0":
  "integrity" "sha512-oMEf6ONyLqaZYkunDZWSc6Qo9uBzim5R8XDXOOyrz7zrj4hixsvxiAh8y1Jbrr1MQLG5HJ+aehee4Ot/A5iXtw=="
  "resolved" "https://registry.npmjs.org/@ledgerhq/errors/-/errors-5.26.0.tgz"
  "version" "5.26.0"

"@ledgerhq/hw-transport-u2f@^5.9.0":
  "integrity" "sha512-QTxP1Rsh+WZ184LUOelYVLeaQl3++V3I2jFik+l9JZtakwEHjD0XqOT750xpYNL/vfHsy31Wlz+oicdxGzFk+w=="
  "resolved" "https://registry.npmjs.org/@ledgerhq/hw-transport-u2f/-/hw-transport-u2f-5.26.0.tgz"
  "version" "5.26.0"
  dependencies:
    "@ledgerhq/errors" "^5.26.0"
    "@ledgerhq/hw-transport" "^5.26.0"
    "@ledgerhq/logs" "^5.26.0"
    "u2f-api" "0.2.7"

"@ledgerhq/hw-transport-web-ble@^5.9.0":
  "integrity" "sha512-+Zp8McgicxANWMqqGtxQH8YX6Orvn1G/oU+ov18EL8nyw8gcC/BfzG5T8ck/amZnDetA9je0YAFn76xZs/a2SQ=="
  "resolved" "https://registry.npmjs.org/@ledgerhq/hw-transport-web-ble/-/hw-transport-web-ble-5.26.0.tgz"
  "version" "5.26.0"
  dependencies:
    "@ledgerhq/devices" "^5.26.0"
    "@ledgerhq/errors" "^5.26.0"
    "@ledgerhq/hw-transport" "^5.26.0"
    "@ledgerhq/logs" "^5.26.0"
    "rxjs" "^6.6.3"

"@ledgerhq/hw-transport@^5.26.0":
  "integrity" "sha512-NFeJOJmyEfAX8uuIBTpocWHcz630sqPcXbu864Q+OCBm4EK5UOKV1h/pX7e0xgNIKY8zhJ/O4p4cIZp9tnXLHQ=="
  "resolved" "https://registry.npmjs.org/@ledgerhq/hw-transport/-/hw-transport-5.26.0.tgz"
  "version" "5.26.0"
  dependencies:
    "@ledgerhq/devices" "^5.26.0"
    "@ledgerhq/errors" "^5.26.0"
    "events" "^3.2.0"

"@ledgerhq/logs@^5.26.0":
  "integrity" "sha512-/3EKvS9eHzKl9Om+t//SPnzJaahIoVIUlozLMSarINyO7SSh174kxl3jTNHBl7dLxvkQyDDs5imLvP04ohlQaw=="
  "resolved" "https://registry.npmjs.org/@ledgerhq/logs/-/logs-5.26.0.tgz"
  "version" "5.26.0"

"@tendermint/belt@0.2.1":
  "integrity" "sha512-Z3byTEpbSfrMaNx431pr8P4nrFshWz7WiFqxv/cTVgRENCVfndygOz0W15qC1pgqBhhnQPLEnmdP/GIyiS7JWg=="
  "resolved" "https://registry.npmjs.org/@tendermint/belt/-/belt-0.2.1.tgz"
  "version" "0.2.1"
  dependencies:
    "@tendermint/types" "0.1.1"

"@tendermint/types@0.1.1":
  "integrity" "sha512-jMEz5tJ3ncA8903N2DoPD6EJawSyORRSyWvQbmxyz8ONiugjOKvoesMzz/xIioe1Ekzf6YJnw/3RI+kT9qdNyg=="
  "resolved" "https://registry.npmjs.org/@tendermint/types/-/types-0.1.1.tgz"
  "version" "0.1.1"

"@types/bech32@^1.1.2":
  "integrity" "sha512-D2tG6kfIcZD3pjtnnvGrwiZiz+HGBsoy0pdGlpBeMbhlKJ4l4r1zB8SEQPL790kTdSS8lhyC/w9API7L2YBOxw=="
  "resolved" "https://registry.npmjs.org/@types/bech32/-/bech32-1.1.2.tgz"
  "version" "1.1.2"
  dependencies:
    "@types/node" "*"

"@types/big.js@^4.0.5":
  "integrity" "sha512-D9KFrAt05FDSqLo7PU9TDHfDgkarlwdkuwFsg7Zm4xl62tTNaz+zN+Tkcdx2wGLBbSMf8BnoMhOVeUGUaJfLKg=="
  "resolved" "https://registry.npmjs.org/@types/big.js/-/big.js-4.0.5.tgz"
  "version" "4.0.5"

"@types/bn.js@*", "@types/bn.js@^4.11.6":
  "integrity" "sha512-pqr857jrp2kPuO9uRjZ3PwnJTjoQy+fcdxvBTvHm6dkmEL9q+hDD/2j/0ELOBPtPnS8LjCX0gI9nbl8lVkadpg=="
  "resolved" "https://registry.npmjs.org/@types/bn.js/-/bn.js-4.11.6.tgz"
  "version" "4.11.6"
  dependencies:
    "@types/node" "*"

"@types/crypto-js@^3.1.43":
  "integrity" "sha512-eI6gvpcGHLk3dAuHYnRCAjX+41gMv1nz/VP55wAe5HtmAKDOoPSfr3f6vkMc08ov1S0NsjvUBxDtHHxqQY1LGA=="
  "resolved" "https://registry.npmjs.org/@types/crypto-js/-/crypto-js-3.1.47.tgz"
  "version" "3.1.47"

"@types/duplexify@*":
  "integrity" "sha512-5zOA53RUlzN74bvrSGwjudssD9F3a797sDZQkiYpUOxW+WHaXTCPz4/d5Dgi6FKnOqZ2CpaTo0DhgIfsXAOE/A=="
  "resolved" "https://registry.npmjs.org/@types/duplexify/-/duplexify-3.6.0.tgz"
  "version" "3.6.0"
  dependencies:
    "@types/node" "*"

"@types/elliptic@^6.4.12":
  "integrity" "sha512-gP1KsqoouLJGH6IJa28x7PXb3cRqh83X8HCLezd2dF+XcAIMKYv53KV+9Zn6QA561E120uOqZBQ+Jy/cl+fviw=="
  "resolved" "https://registry.npmjs.org/@types/elliptic/-/elliptic-6.4.12.tgz"
  "version" "6.4.12"
  dependencies:
    "@types/bn.js" "*"

"@types/istanbul-lib-coverage@*", "@types/istanbul-lib-coverage@^2.0.0":
  "integrity" "sha512-sz7iLqvVUg1gIedBOvlkxPlc8/uVzyS5OwGz1cKjXzkl3FpL3al0crU8YGU1WoHkxn0Wxbw5tyi6hvzJKNzFsw=="
  "resolved" "https://registry.npmjs.org/@types/istanbul-lib-coverage/-/istanbul-lib-coverage-2.0.3.tgz"
  "version" "2.0.3"

"@types/istanbul-lib-report@*":
  "integrity" "sha512-plGgXAPfVKFoYfa9NpYDAkseG+g6Jr294RqeqcqDixSbU34MZVJRi/P+7Y8GDpzkEwLaGZZOpKIEmeVZNtKsrg=="
  "resolved" "https://registry.npmjs.org/@types/istanbul-lib-report/-/istanbul-lib-report-3.0.0.tgz"
  "version" "3.0.0"
  dependencies:
    "@types/istanbul-lib-coverage" "*"

"@types/istanbul-reports@^1.1.1":
  "integrity" "sha512-P/W9yOX/3oPZSpaYOCQzGqgCQRXn0FFO/V8bWrCQs+wLmvVVxk6CRBXALEvNs9OHIatlnlFokfhuDo2ug01ciw=="
  "resolved" "https://registry.npmjs.org/@types/istanbul-reports/-/istanbul-reports-1.1.2.tgz"
  "version" "1.1.2"
  dependencies:
    "@types/istanbul-lib-coverage" "*"
    "@types/istanbul-lib-report" "*"

"@types/jest@^25.1.4":
  "integrity" "sha512-JXc1nK/tXHiDhV55dvfzqtmP4S3sy3T3ouV2tkViZgxY/zeUkcpQcQPGRlgF4KmWzWW5oiWYSZwtCB+2RsE4Fw=="
  "resolved" "https://registry.npmjs.org/@types/jest/-/jest-25.2.3.tgz"
  "version" "25.2.3"
  dependencies:
    "jest-diff" "^25.2.1"
    "pretty-format" "^25.2.1"

"@types/ledgerhq__hw-transport@^4.21.2":
  "integrity" "sha512-6QveiZLsFLq9WZDk8HWAZhivoGzyz5S8WV36hpUe7KrVDaTR1fDdB+syorrNRhYbyjraAuUJrIdJR5p/7doq8g=="
  "resolved" "https://registry.npmjs.org/@types/ledgerhq__hw-transport/-/ledgerhq__hw-transport-4.21.3.tgz"
  "version" "4.21.3"
  dependencies:
    "@types/node" "*"

"@types/lodash@^4.14.149":
  "integrity" "sha512-EP6O3Jkr7bXvZZSZYlsgt5DIjiGr0dXP1/jVEwVLTFgg0d+3lWVQkRavYVQszV7dYUwvg0B8R0MBDpcmXg7XIA=="
  "resolved" "https://registry.npmjs.org/@types/lodash/-/lodash-4.14.161.tgz"
  "version" "4.14.161"

"@types/node@*", "@types/node@^13.9.0":
  "integrity" "sha512-6ZMK4xRcF2XrPdKmPYQxZkdHKV18xKgUFVvhIgw2iwaaO6weleLPHLBGPZmLhjo+m1N+MZXRAoBEBCCVqgO2zQ=="
  "resolved" "https://registry.npmjs.org/@types/node/-/node-13.13.25.tgz"
  "version" "13.13.25"

"@types/node@10.12.18":
  "integrity" "sha512-fh+pAqt4xRzPfqA6eh3Z2y6fyZavRIumvjhaCL753+TVkGKGhpPeyrJG2JftD0T9q4GF00KjefsQ+PQNDdWQaQ=="
  "resolved" "https://registry.npmjs.org/@types/node/-/node-10.12.18.tgz"
  "version" "10.12.18"

"@types/node@11.11.6":
  "integrity" "sha512-Exw4yUWMBXM3X+8oqzJNRqZSwUAaS4+7NdvHqQuFi/d+synz++xmX3QIf+BFqneW8N31R8Ky+sikfZUXq07ggQ=="
  "resolved" "https://registry.npmjs.org/@types/node/-/node-11.11.6.tgz"
  "version" "11.11.6"

"@types/pumpify@^1.4.1":
  "integrity" "sha512-l7u/Dnh1OG9T7VH6TvulR0g8oE8hgIW5409mSUKi8Vxw2+JV18aTa06Sv5bvNjrD0zbsB/cuZ/iTFQgFNfzIuw=="
  "resolved" "https://registry.npmjs.org/@types/pumpify/-/pumpify-1.4.1.tgz"
  "version" "1.4.1"
  dependencies:
    "@types/duplexify" "*"
    "@types/node" "*"

"@types/tiny-secp256k1@^1.0.0":
  "integrity" "sha512-IW3dFGNyVkVLC1MCMogVWQaKH/ZtjPQdOW9c3X128o5lVpFYNsq/l3Qo1pV7sfTmvDzWEXR3QTxg1TMy1pyaAQ=="
  "resolved" "https://registry.npmjs.org/@types/tiny-secp256k1/-/tiny-secp256k1-1.0.0.tgz"
  "version" "1.0.0"
  dependencies:
    "@types/node" "*"

"@types/uuid@^7.0.0":
  "integrity" "sha512-WGZCqBZZ0mXN2RxvLHL6/7RCu+OWs28jgQMP04LWfpyJlQUMTR6YU9CNJAKDgbw+EV/u687INXuLUc7FuML/4g=="
  "resolved" "https://registry.npmjs.org/@types/uuid/-/uuid-7.0.4.tgz"
  "version" "7.0.4"

"@types/yargs-parser@*":
  "integrity" "sha512-FA/BWv8t8ZWJ+gEOnLLd8ygxH/2UFbAvgEonyfN6yWGLKc7zVjbpl2Y4CTjid9h2RfgPP6SEt6uHwEOply00yw=="
  "resolved" "https://registry.npmjs.org/@types/yargs-parser/-/yargs-parser-15.0.0.tgz"
  "version" "15.0.0"

"@types/yargs@^15.0.0":
  "integrity" "sha512-b0BYzFUzBpOhPjpl1wtAHU994jBeKF4TKVlT7ssFv44T617XNcPdRoG4AzHLVshLzlrF7i3lTelH7UbuNYV58Q=="
  "resolved" "https://registry.npmjs.org/@types/yargs/-/yargs-15.0.8.tgz"
  "version" "15.0.8"
  dependencies:
    "@types/yargs-parser" "*"

"ansi-regex@^5.0.0":
  "integrity" "sha512-bY6fj56OUQ0hU1KjFNDQuJFezqKdrAyFdIevADiqrWHwSlbmBNMHp5ak2f40Pm8JTFyM2mqxkG6ngkHO11f/lg=="
  "resolved" "https://registry.npmjs.org/ansi-regex/-/ansi-regex-5.0.0.tgz"
  "version" "5.0.0"

"ansi-styles@^4.0.0", "ansi-styles@^4.1.0":
  "integrity" "sha512-zbB9rCJAT1rbjiVDb2hqKFHNYLxgtk8NURxZ3IZwD3F6NtxbXZQCnnSi1Lkx+IDohdPlFp222wVALIheZJQSEg=="
  "resolved" "https://registry.npmjs.org/ansi-styles/-/ansi-styles-4.3.0.tgz"
  "version" "4.3.0"
  dependencies:
    "color-convert" "^2.0.1"

"asn1.js@^5.2.0":
  "integrity" "sha512-+I//4cYPccV8LdmBLiX8CYvf9Sp3vQsrqu2QNXRcrbiWvcx/UdlFiqUJJzxRQxgsZmvhXhn4cSKeSmoFjVdupA=="
  "resolved" "https://registry.npmjs.org/asn1.js/-/asn1.js-5.4.1.tgz"
  "version" "5.4.1"
  dependencies:
    "bn.js" "^4.0.0"
    "inherits" "^2.0.1"
    "minimalistic-assert" "^1.0.0"
    "safer-buffer" "^2.1.0"

"async-limiter@~1.0.0":
  "integrity" "sha512-csOlWGAcRFJaI6m+F2WKdnMKr4HhdhFVBk0H/QbJFMCr+uO2kwohwXQPxw/9OCxp05r5ghVBFSyioixx3gfkNQ=="
  "resolved" "https://registry.npmjs.org/async-limiter/-/async-limiter-1.0.1.tgz"
  "version" "1.0.1"

"axios@^0.19.0", "axios@^0.19.2":
  "integrity" "sha512-fjgm5MvRHLhx+osE2xoekY70AhARk3a6hkN+3Io1jc00jtquGvxYlKlsFUhmUET0V5te6CcZI7lcv2Ym61mjHA=="
  "resolved" "https://registry.npmjs.org/axios/-/axios-0.19.2.tgz"
  "version" "0.19.2"
  dependencies:
    "follow-redirects" "1.5.10"

"base-x@^3.0.2":
  "integrity" "sha512-Rl/1AWP4J/zRrk54hhlxH4drNxPJXYUaKffODVI53/dAsV4t9fBxyxYKAVPU1XBHxYwOWP9h9H0hM2MVw4YfJA=="
  "resolved" "https://registry.npmjs.org/base-x/-/base-x-3.0.8.tgz"
  "version" "3.0.8"
  dependencies:
    "safe-buffer" "^5.0.1"

"bech32@^1.1.3":
  "integrity" "sha512-s0IrSOzLlbvX7yp4WBfPITzpAU8sqQcpsmwXDiKwrG4r491vwCO/XpejasRNl0piBMe/DvP4Tz0mIS/X1DPJBQ=="
  "resolved" "https://registry.npmjs.org/bech32/-/bech32-1.1.4.tgz"
  "version" "1.1.4"

"bech32@1.1.3":
  "integrity" "sha512-yuVFUvrNcoJi0sv5phmqc6P+Fl1HjRDRNOOkHY2X/3LBy2bIGNSFx4fZ95HMaXHupuS7cZR15AsvtmCIF4UEyg=="
  "resolved" "https://registry.npmjs.org/bech32/-/bech32-1.1.3.tgz"
  "version" "1.1.3"

"big.js@^5.2.2":
  "integrity" "sha512-vyL2OymJxmarO8gxMr0mhChsO9QGwhynfuu4+MHTAW6czfq9humCB7rKpUjDd9YUiDPU4mzpyupFSvOClAwbmQ=="
  "resolved" "https://registry.npmjs.org/big.js/-/big.js-5.2.2.tgz"
  "version" "5.2.2"

"bindings@^1.3.0", "bindings@^1.5.0":
  "integrity" "sha512-p2q/t/mhvuOj/UeLlV6566GD/guowlr0hHxClI0W9m7MWYkL1F0hLo+0Aexs9HSPCtR1SXQ0TD3MMKrXZajbiQ=="
  "resolved" "https://registry.npmjs.org/bindings/-/bindings-1.5.0.tgz"
  "version" "1.5.0"
  dependencies:
    "file-uri-to-path" "1.0.0"

"bip32@^2.0.5":
  "integrity" "sha512-HpV5OMLLGTjSVblmrtYRfFFKuQB+GArM0+XP8HGWfJ5vxYBqo+DesvJwOdC2WJ3bCkZShGf0QIfoIpeomVzVdA=="
  "resolved" "https://registry.npmjs.org/bip32/-/bip32-2.0.6.tgz"
  "version" "2.0.6"
  dependencies:
    "@types/node" "10.12.18"
    "bs58check" "^2.1.1"
    "create-hash" "^1.2.0"
    "create-hmac" "^1.1.7"
    "tiny-secp256k1" "^1.1.3"
    "typeforce" "^1.11.5"
    "wif" "^2.0.6"

"bip32@2.0.4":
  "integrity" "sha512-ioPytarPDIrWckWMuK4RNUtvwhvWEc2fvuhnO0WEwu732k5OLjUXv4rXi2c/KJHw9ZMNQMkYRJrBw81RujShGQ=="
  "resolved" "https://registry.npmjs.org/bip32/-/bip32-2.0.4.tgz"
  "version" "2.0.4"
  dependencies:
    "@types/node" "10.12.18"
    "bs58check" "^2.1.1"
    "create-hash" "^1.2.0"
    "create-hmac" "^1.1.7"
    "tiny-secp256k1" "^1.1.0"
    "typeforce" "^1.11.5"
    "wif" "^2.0.6"

"bip39@^3.0.2", "bip39@3.0.2":
  "integrity" "sha512-J4E1r2N0tUylTKt07ibXvhpT2c5pyAFgvuA5q1H9uDy6dEGpjV8jmymh3MTYJDLCNbIVClSB9FbND49I6N24MQ=="
  "resolved" "https://registry.npmjs.org/bip39/-/bip39-3.0.2.tgz"
  "version" "3.0.2"
  dependencies:
    "@types/node" "11.11.6"
    "create-hash" "^1.1.0"
    "pbkdf2" "^3.0.9"
    "randombytes" "^2.0.1"

"bip66@^1.1.5":
  "integrity" "sha1-AfqHSHhcpwlV1QESF9GzE5lpyiI= sha512-nemMHz95EmS38a26XbbdxIYj5csHd3RMP3H5bwQknX0WYHF01qhpufP42mLOwVICuH2JmhIhXiWs89MfUGL7Xw=="
  "resolved" "https://registry.npmjs.org/bip66/-/bip66-1.1.5.tgz"
  "version" "1.1.5"
  dependencies:
    "safe-buffer" "^5.0.1"

"bn.js@^4.0.0", "bn.js@^4.1.0", "bn.js@^4.11.8", "bn.js@^4.11.9":
  "integrity" "sha512-c98Bf3tPniI+scsdk237ku1Dc3ujXQTSgyiPUDEOe7tRkhrqridvh8klBv0HCEso1OLOYcHuCv/cS6DNxKH+ZA=="
  "resolved" "https://registry.npmjs.org/bn.js/-/bn.js-4.12.0.tgz"
  "version" "4.12.0"

"bn.js@^5.1.1":
  "integrity" "sha512-GkTiFpjFtUzU9CbMeJ5iazkCzGL3jrhzerzZIuqLABjbwRaFt33I9tUdSNryIptM+RxDet6OKm2WnLXzW51KsQ=="
  "resolved" "https://registry.npmjs.org/bn.js/-/bn.js-5.1.3.tgz"
  "version" "5.1.3"

"brorand@^1.0.1", "brorand@^1.1.0":
  "integrity" "sha1-EsJe/kCkXjwyPrhnWgoM5XsiNx8= sha512-cKV8tMCEpQs4hK/ik71d6LrPOnpkpGBR0wzxqr68g2m/LB2GxVYQroAjMJZRVM1Y4BCjCKc3vAamxSzOY2RP+w=="
  "resolved" "https://registry.npmjs.org/brorand/-/brorand-1.1.0.tgz"
  "version" "1.1.0"

"browserify-aes@^1.0.0", "browserify-aes@^1.0.4", "browserify-aes@^1.0.6":
  "integrity" "sha512-+7CHXqGuspUn/Sl5aO7Ea0xWGAtETPXNSAjHo48JfLdPWcMng33Xe4znFvQweqc/uzk5zSOI3H52CYnjCfb5hA=="
  "resolved" "https://registry.npmjs.org/browserify-aes/-/browserify-aes-1.2.0.tgz"
  "version" "1.2.0"
  dependencies:
    "buffer-xor" "^1.0.3"
    "cipher-base" "^1.0.0"
    "create-hash" "^1.1.0"
    "evp_bytestokey" "^1.0.3"
    "inherits" "^2.0.1"
    "safe-buffer" "^5.0.1"

"browserify-cipher@^1.0.0":
  "integrity" "sha512-sPhkz0ARKbf4rRQt2hTpAHqn47X3llLkUGn+xEJzLjwY8LRs2p0v7ljvI5EyoRO/mexrNunNECisZs+gw2zz1w=="
  "resolved" "https://registry.npmjs.org/browserify-cipher/-/browserify-cipher-1.0.1.tgz"
  "version" "1.0.1"
  dependencies:
    "browserify-aes" "^1.0.4"
    "browserify-des" "^1.0.0"
    "evp_bytestokey" "^1.0.0"

"browserify-des@^1.0.0":
  "integrity" "sha512-BioO1xf3hFwz4kc6iBhI3ieDFompMhrMlnDFC4/0/vd5MokpuAc3R+LYbwTA9A5Yc9pq9UYPqffKpW2ObuwX5A=="
  "resolved" "https://registry.npmjs.org/browserify-des/-/browserify-des-1.0.2.tgz"
  "version" "1.0.2"
  dependencies:
    "cipher-base" "^1.0.1"
    "des.js" "^1.0.0"
    "inherits" "^2.0.1"
    "safe-buffer" "^5.1.2"

"browserify-rsa@^4.0.0", "browserify-rsa@^4.0.1":
  "integrity" "sha1-IeCr+vbyApzy+vsTNWenAdQTVSQ= sha512-+YpEyaLDDvvdzIxQ+cCx73r5YEhS3ANGOkiHdyWqW4t3gdeoNEYjSiQwntbU4Uo2/9yRkpYX3SRFeH+7jc2Duw=="
  "resolved" "https://registry.npmjs.org/browserify-rsa/-/browserify-rsa-4.0.1.tgz"
  "version" "4.0.1"
  dependencies:
    "bn.js" "^4.1.0"
    "randombytes" "^2.0.1"

"browserify-sign@^4.0.0":
  "integrity" "sha512-/vrA5fguVAKKAVTNJjgSm1tRQDHUU6DbwO9IROu/0WAzC8PKhucDSh18J0RMvVeHAn5puMd+QHC2erPRNf8lmg=="
  "resolved" "https://registry.npmjs.org/browserify-sign/-/browserify-sign-4.2.1.tgz"
  "version" "4.2.1"
  dependencies:
    "bn.js" "^5.1.1"
    "browserify-rsa" "^4.0.1"
    "create-hash" "^1.2.0"
    "create-hmac" "^1.1.7"
    "elliptic" "^6.5.3"
    "inherits" "^2.0.4"
    "parse-asn1" "^5.1.5"
    "readable-stream" "^3.6.0"
    "safe-buffer" "^5.2.0"

"bs58@^4.0.0":
  "integrity" "sha1-vhYedsNU9veIrkBx9j806MTwpCo= sha512-Ok3Wdf5vOIlBrgCvTq96gBkJw+JUEzdBgyaza5HLtPm7yTHkjRy8+JzNyHF7BHa0bNWOQIp3m5YF0nnFcOIKLw=="
  "resolved" "https://registry.npmjs.org/bs58/-/bs58-4.0.1.tgz"
  "version" "4.0.1"
  dependencies:
    "base-x" "^3.0.2"

"bs58check@^2.1.1", "bs58check@<3.0.0":
  "integrity" "sha512-0TS1jicxdU09dwJMNZtVAfzPi6Q6QeN0pM1Fkzrjn+XYHvzMKPU3pHVpva+769iNVSfIYWf7LJ6WR+BuuMf8cA=="
  "resolved" "https://registry.npmjs.org/bs58check/-/bs58check-2.1.2.tgz"
  "version" "2.1.2"
  dependencies:
    "bs58" "^4.0.0"
    "create-hash" "^1.1.0"
    "safe-buffer" "^5.1.2"

"buffer-xor@^1.0.3":
  "integrity" "sha1-JuYe0UIvtw3ULm42cp7VHYVf6Nk= sha512-571s0T7nZWK6vB67HI5dyUF7wXiNcfaPPPTl6zYCNApANjIvYJTg7hlud/+cJpdAhS7dVzqMLmfhfHR3rAcOjQ=="
  "resolved" "https://registry.npmjs.org/buffer-xor/-/buffer-xor-1.0.3.tgz"
  "version" "1.0.3"

"camelcase@^5.3.1":
  "integrity" "sha512-L28STB170nwWS63UjtlEOE3dldQApaJXZkOI1uMFfzf3rRuPegHaHesyee+YxQ+W6SvRDQV6UrdOdRiR153wJg=="
  "resolved" "https://registry.npmjs.org/camelcase/-/camelcase-5.3.1.tgz"
  "version" "5.3.1"

"chalk@^3.0.0":
  "integrity" "sha512-4D3B6Wf41KOYRFdszmDqMCGq5VV/uMAB273JILmO+3jAlh8X4qDtdtgCR3fxtbLEMzSx22QdhnDcJvu2u1fVwg=="
  "resolved" "https://registry.npmjs.org/chalk/-/chalk-3.0.0.tgz"
  "version" "3.0.0"
  dependencies:
    "ansi-styles" "^4.1.0"
    "supports-color" "^7.1.0"

"cipher-base@^1.0.0", "cipher-base@^1.0.1", "cipher-base@^1.0.3":
  "integrity" "sha512-Kkht5ye6ZGmwv40uUDZztayT2ThLQGfnj/T71N/XzeZeo3nf8foyW7zGTsPYkEya3m5f3cAypH+qe7YOrM1U2Q=="
  "resolved" "https://registry.npmjs.org/cipher-base/-/cipher-base-1.0.4.tgz"
  "version" "1.0.4"
  dependencies:
    "inherits" "^2.0.1"
    "safe-buffer" "^5.0.1"

"color-convert@^2.0.1":
  "integrity" "sha512-RRECPsj7iu/xb5oKYcsFHSppFNnsj/52OVTRKb4zP5onXwVF3zVmmToNcOfGC+CRDpfK/U584fMg38ZHCaElKQ=="
  "resolved" "https://registry.npmjs.org/color-convert/-/color-convert-2.0.1.tgz"
  "version" "2.0.1"
  dependencies:
    "color-name" "~1.1.4"

"color-name@~1.1.4":
  "integrity" "sha512-dOy+3AuW3a2wNbZHIuMZpTcgjGuLU/uBL/ubcZF9OXbDo8ff4O8yVp5Bf0efS8uEoYo5q4Fx7dY9OgQGXgAsQA=="
  "resolved" "https://registry.npmjs.org/color-name/-/color-name-1.1.4.tgz"
  "version" "1.1.4"

"core-util-is@~1.0.0":
  "integrity" "sha1-tf1UIgqivFq1eqtxQMlAdUUDwac= sha512-3lqz5YjWTYnW6dlDa5TLaTCcShfar1e40rmcJVwCBJC6mWlFuj0eCHIElmG1g5kyuJ/GD+8Wn4FFCcz4gJPfaQ=="
  "resolved" "https://registry.npmjs.org/core-util-is/-/core-util-is-1.0.2.tgz"
  "version" "1.0.2"

"create-ecdh@^4.0.0":
  "integrity" "sha512-mf+TCx8wWc9VpuxfP2ht0iSISLZnt0JgWlrOKZiNqyUZWnjIaCIVNQArMHnCZKfEYRg6IM7A+NeJoN8gf/Ws0A=="
  "resolved" "https://registry.npmjs.org/create-ecdh/-/create-ecdh-4.0.4.tgz"
  "version" "4.0.4"
  dependencies:
    "bn.js" "^4.1.0"
    "elliptic" "^6.5.3"

"create-hash@^1.1.0", "create-hash@^1.1.2", "create-hash@^1.2.0", "create-hash@1.2.0":
  "integrity" "sha512-z00bCGNHDG8mHAkP7CtT1qVu+bFQUPjYq/4Iv3C3kWjTFV10zIjfSoeqXo9Asws8gwSHDGj/hl2u4OGIjapeCg=="
  "resolved" "https://registry.npmjs.org/create-hash/-/create-hash-1.2.0.tgz"
  "version" "1.2.0"
  dependencies:
    "cipher-base" "^1.0.1"
    "inherits" "^2.0.1"
    "md5.js" "^1.3.4"
    "ripemd160" "^2.0.1"
    "sha.js" "^2.4.0"

"create-hmac@^1.1.0", "create-hmac@^1.1.4", "create-hmac@^1.1.7":
  "integrity" "sha512-MJG9liiZ+ogc4TzUwuvbER1JRdgvUFSB5+VR/g5h82fGaIRWMWddtKBHi7/sVhfjQZ6SehlyhvQYrcYkaUIpLg=="
  "resolved" "https://registry.npmjs.org/create-hmac/-/create-hmac-1.1.7.tgz"
  "version" "1.1.7"
  dependencies:
    "cipher-base" "^1.0.3"
    "create-hash" "^1.1.0"
    "inherits" "^2.0.1"
    "ripemd160" "^2.0.0"
    "safe-buffer" "^5.0.1"
    "sha.js" "^2.4.8"

"crypto-browserify@^3.12.0":
  "integrity" "sha512-fz4spIh+znjO2VjL+IdhEpRJ3YN6sMzITSBijk6FK2UvTqruSQW+/cCZTSNsMiZNvUeq0CqurF+dAbyiGOY6Wg=="
  "resolved" "https://registry.npmjs.org/crypto-browserify/-/crypto-browserify-3.12.0.tgz"
  "version" "3.12.0"
  dependencies:
    "browserify-cipher" "^1.0.0"
    "browserify-sign" "^4.0.0"
    "create-ecdh" "^4.0.0"
    "create-hash" "^1.1.0"
    "create-hmac" "^1.1.0"
    "diffie-hellman" "^5.0.0"
    "inherits" "^2.0.1"
    "pbkdf2" "^3.0.3"
    "public-encrypt" "^4.0.0"
    "randombytes" "^2.0.0"
    "randomfill" "^1.0.3"

"crypto-js@^3.1.9-1":
  "integrity" "sha512-DIT51nX0dCfKltpRiXV+/TVZq+Qq2NgF4644+K7Ttnla7zEzqc+kjJyiB96BHNyUTBxyjzRcZYpUdZa+QAqi6Q=="
  "resolved" "https://registry.npmjs.org/crypto-js/-/crypto-js-3.3.0.tgz"
  "version" "3.3.0"

"crypto-js@^4.0.0":
  "integrity" "sha512-bzHZN8Pn+gS7DQA6n+iUmBfl0hO5DJq++QP3U6uTucDtk/0iGpXd/Gg7CGR0p8tJhofJyaKoWBuJI4eAO00BBg=="
  "resolved" "https://registry.npmjs.org/crypto-js/-/crypto-js-4.0.0.tgz"
  "version" "4.0.0"

"debug@=3.1.0":
  "integrity" "sha512-OX8XqP7/1a9cqkxYw2yXss15f26NKWBpDXQd0/uK/KPqdQhxbPa994hnzjcE2VqQpDslf55723cKPUOGSmMY3g=="
  "resolved" "https://registry.npmjs.org/debug/-/debug-3.1.0.tgz"
  "version" "3.1.0"
  dependencies:
    "ms" "2.0.0"

"des.js@^1.0.0":
  "integrity" "sha512-Q0I4pfFrv2VPd34/vfLrFOoRmlYj3OV50i7fskps1jZWK1kApMWWT9G6RRUeYedLcBDIhnSDaUvJMb3AhUlaEA=="
  "resolved" "https://registry.npmjs.org/des.js/-/des.js-1.0.1.tgz"
  "version" "1.0.1"
  dependencies:
    "inherits" "^2.0.1"
    "minimalistic-assert" "^1.0.0"

"diff-sequences@^25.2.6":
  "integrity" "sha512-Hq8o7+6GaZeoFjtpgvRBUknSXNeJiCx7V9Fr94ZMljNiCr9n9L8H8aJqgWOQiDDGdyn29fRNcDdRVJ5fdyihfg=="
  "resolved" "https://registry.npmjs.org/diff-sequences/-/diff-sequences-25.2.6.tgz"
  "version" "25.2.6"

"diffie-hellman@^5.0.0":
  "integrity" "sha512-kqag/Nl+f3GwyK25fhUMYj81BUOrZ9IuJsjIcDE5icNM9FJHAVm3VcUDxdLPoQtTuUylWm6ZIknYJwwaPxsUzg=="
  "resolved" "https://registry.npmjs.org/diffie-hellman/-/diffie-hellman-5.0.3.tgz"
  "version" "5.0.3"
  dependencies:
    "bn.js" "^4.1.0"
    "miller-rabin" "^4.0.0"
    "randombytes" "^2.0.0"

"drbg.js@^1.0.1":
  "integrity" "sha1-Pja2xCs3BDgjzbwzLVjzHiRFSAs= sha512-F4wZ06PvqxYLFEZKkFxTDcns9oFNk34hvmJSEwdzsxVQ8YI5YaxtACgQatkYgv2VI2CFkUd2Y+xosPQnHv809g=="
  "resolved" "https://registry.npmjs.org/drbg.js/-/drbg.js-1.0.1.tgz"
  "version" "1.0.1"
  dependencies:
    "browserify-aes" "^1.0.6"
    "create-hash" "^1.1.2"
    "create-hmac" "^1.1.4"

"duplexify@^3.5.1":
  "integrity" "sha512-07z8uv2wMyS51kKhD1KsdXJg5WQ6t93RneqRxUHnskXVtlYYkLqM0gqStQZ3pj073g687jPCHrqNfCzawLYh5g=="
  "resolved" "https://registry.npmjs.org/duplexify/-/duplexify-3.7.1.tgz"
  "version" "3.7.1"
  dependencies:
    "end-of-stream" "^1.0.0"
    "inherits" "^2.0.1"
    "readable-stream" "^2.0.0"
    "stream-shift" "^1.0.0"

"duplexify@^4.1.1":
  "integrity" "sha512-DY3xVEmVHTv1wSzKNbwoU6nVjzI369Y6sPoqfYr0/xlx3IdX2n94xIszTcjPO8W8ZIv0Wb0PXNcjuZyT4wiICA=="
  "resolved" "https://registry.npmjs.org/duplexify/-/duplexify-4.1.1.tgz"
  "version" "4.1.1"
  dependencies:
    "end-of-stream" "^1.4.1"
    "inherits" "^2.0.3"
    "readable-stream" "^3.1.1"
    "stream-shift" "^1.0.0"

"elliptic@^6.0.0", "elliptic@^6.4.0", "elliptic@^6.4.1", "elliptic@^6.5.3":
  "integrity" "sha512-iLhC6ULemrljPZb+QutR5TQGB+pdW6KGD5RSegS+8sorOZT+rdQFbsQFJgvN3eRqNALqJer4oQ16YvJHlU8hzQ=="
  "resolved" "https://registry.npmjs.org/elliptic/-/elliptic-6.5.4.tgz"
  "version" "6.5.4"
  dependencies:
    "bn.js" "^4.11.9"
    "brorand" "^1.1.0"
    "hash.js" "^1.0.0"
    "hmac-drbg" "^1.0.1"
    "inherits" "^2.0.4"
    "minimalistic-assert" "^1.0.1"
    "minimalistic-crypto-utils" "^1.0.1"

"end-of-stream@^1.0.0", "end-of-stream@^1.1.0", "end-of-stream@^1.4.1":
  "integrity" "sha512-+uw1inIHVPQoaVuHzRyXd21icM+cnt4CzD5rW+NC1wjOUSTOs+Te7FOv7AhN7vS9x/oIyhLP5PR1H+phQAHu5Q=="
  "resolved" "https://registry.npmjs.org/end-of-stream/-/end-of-stream-1.4.4.tgz"
  "version" "1.4.4"
  dependencies:
    "once" "^1.4.0"

"eslint-utils@^1.4.2":
  "integrity" "sha512-fbBN5W2xdY45KulGXmLHZ3c3FHfVYmKg0IrAKGOkT/464PQsx2UeIzfz1RmEci+KLm1bBaAzZAh8+/E+XAeZ8Q=="
  "resolved" "https://registry.npmjs.org/eslint-utils/-/eslint-utils-1.4.3.tgz"
  "version" "1.4.3"
  dependencies:
    "eslint-visitor-keys" "^1.1.0"

"eslint-visitor-keys@^1.1.0":
  "integrity" "sha512-6J72N8UNa462wa/KFODt/PJ3IU60SDpC3QXC1Hjc1BXXpfL2C9R5+AU7jhe0F6GREqVMh4Juu+NY7xn+6dipUQ=="
  "resolved" "https://registry.npmjs.org/eslint-visitor-keys/-/eslint-visitor-keys-1.3.0.tgz"
  "version" "1.3.0"

"events@^3.0.0", "events@^3.2.0":
  "integrity" "sha512-/46HWwbfCX2xTawVfkKLGxMifJYQBWMwY1mjywRtb4c9x8l5NP3KoJtnIOiL1hfdRkIuYhETxQlo62IF8tcnlg=="
  "resolved" "https://registry.npmjs.org/events/-/events-3.2.0.tgz"
  "version" "3.2.0"

"evp_bytestokey@^1.0.0", "evp_bytestokey@^1.0.3":
  "integrity" "sha512-/f2Go4TognH/KvCISP7OUsHn85hT9nUkxxA9BEWxFn+Oj9o8ZNLm/40hdlgSLyuOimsrTKLUMEorQexp/aPQeA=="
  "resolved" "https://registry.npmjs.org/evp_bytestokey/-/evp_bytestokey-1.0.3.tgz"
  "version" "1.0.3"
  dependencies:
    "md5.js" "^1.3.4"
    "safe-buffer" "^5.1.1"

"file-uri-to-path@1.0.0":
  "integrity" "sha512-0Zt+s3L7Vf1biwWZ29aARiVYLx7iMGnEUl9x33fbB/j3jR81u/O2LbqK+Bm1CDSNDKVtJ/YjwY7TUd5SkeLQLw=="
  "resolved" "https://registry.npmjs.org/file-uri-to-path/-/file-uri-to-path-1.0.0.tgz"
  "version" "1.0.0"

"follow-redirects@1.5.10":
  "integrity" "sha512-0V5l4Cizzvqt5D44aTXbFZz+FtyXV1vrDN6qrelxtfYQKW0KO0W2T/hkE8xvGa/540LkZlkaUjO4ailYTFtHVQ=="
  "resolved" "https://registry.npmjs.org/follow-redirects/-/follow-redirects-1.5.10.tgz"
  "version" "1.5.10"
  dependencies:
    "debug" "=3.1.0"

"has-flag@^4.0.0":
  "integrity" "sha512-EykJT/Q1KjTWctppgIAgfSO0tKVuZUjhgMr17kqTumMl6Afv3EISleU7qZUzoXDFTAHTDC4NOoG/ZxU3EvlMPQ=="
  "resolved" "https://registry.npmjs.org/has-flag/-/has-flag-4.0.0.tgz"
  "version" "4.0.0"

"hash-base@^3.0.0":
  "integrity" "sha512-1nmYp/rhMDiE7AYkDw+lLwlAzz0AntGIe51F3RfFfEqyQ3feY2eI/NcwC6umIQVOASPMsWJLJScWKSSvzL9IVA=="
  "resolved" "https://registry.npmjs.org/hash-base/-/hash-base-3.1.0.tgz"
  "version" "3.1.0"
  dependencies:
    "inherits" "^2.0.4"
    "readable-stream" "^3.6.0"
    "safe-buffer" "^5.2.0"

"hash.js@^1.0.0", "hash.js@^1.0.3":
  "integrity" "sha512-taOaskGt4z4SOANNseOviYDvjEJinIkRgmp7LbKP2YTTmVxWBl87s/uzK9r+44BclBSp2X7K1hqeNfz9JbBeXA=="
  "resolved" "https://registry.npmjs.org/hash.js/-/hash.js-1.1.7.tgz"
  "version" "1.1.7"
  dependencies:
    "inherits" "^2.0.3"
    "minimalistic-assert" "^1.0.1"

"hmac-drbg@^1.0.1":
  "integrity" "sha1-0nRXAQJabHdabFRXk+1QL8DGSaE= sha512-Tti3gMqLdZfhOQY1Mzf/AanLiqh1WTiJgEj26ZuYQ9fbkLomzGchCws4FyrSd4VkpBfiNhaE1On+lOz894jvXg=="
  "resolved" "https://registry.npmjs.org/hmac-drbg/-/hmac-drbg-1.0.1.tgz"
  "version" "1.0.1"
  dependencies:
    "hash.js" "^1.0.3"
    "minimalistic-assert" "^1.0.0"
    "minimalistic-crypto-utils" "^1.0.1"

"inherits@^2.0.1", "inherits@^2.0.3", "inherits@^2.0.4", "inherits@~2.0.3":
  "integrity" "sha512-k/vGaX4/Yla3WzyMCvTQOXYeIHvqOKtnqBduzTHpzpQZzAskKMhZ2K+EnBiSM9zGSoIFeMpXKxa4dYeZIQqewQ=="
  "resolved" "https://registry.npmjs.org/inherits/-/inherits-2.0.4.tgz"
  "version" "2.0.4"

"is_js@^0.9.0":
  "integrity" "sha1-CrlFQFArp6+iTIVqqYVWFmnpxS0= sha512-8Y5EHSH+TonfUHX2g3pMJljdbGavg55q4jmHzghJCdqYDbdNROC8uw/YFQwIRCRqRJT1EY3pJefz+kglw+o7sg=="
  "resolved" "https://registry.npmjs.org/is_js/-/is_js-0.9.0.tgz"
  "version" "0.9.0"

"isarray@~1.0.0":
  "integrity" "sha1-u5NdSFgsuhaMBoNJV6VKPgcSTxE= sha512-VLghIWNM6ELQzo7zwmcg0NmTVyWKYjvIeM83yjp0wRDTmUnrM678fQbcKBo6n2CJEF0szoG//ytg+TKla89ALQ=="
  "resolved" "https://registry.npmjs.org/isarray/-/isarray-1.0.0.tgz"
  "version" "1.0.0"

"jest-diff@^25.2.1":
  "integrity" "sha512-z1kygetuPiREYdNIumRpAHY6RXiGmp70YHptjdaxTWGmA085W3iCnXNx0DhflK3vwrKmrRWyY1wUpkPMVxMK7A=="
  "resolved" "https://registry.npmjs.org/jest-diff/-/jest-diff-25.5.0.tgz"
  "version" "25.5.0"
  dependencies:
    "chalk" "^3.0.0"
    "diff-sequences" "^25.2.6"
    "jest-get-type" "^25.2.6"
    "pretty-format" "^25.5.0"

"jest-get-type@^25.2.6":
  "integrity" "sha512-DxjtyzOHjObRM+sM1knti6or+eOgcGU4xVSb2HNP1TqO4ahsT+rqZg+nyqHWJSvWgKC5cG3QjGFBqxLghiF/Ig=="
  "resolved" "https://registry.npmjs.org/jest-get-type/-/jest-get-type-25.2.6.tgz"
  "version" "25.2.6"

"json-stringify-safe@^5.0.1":
  "integrity" "sha1-Epai1Y/UXxmg9s4B1lcB4sc1tus= sha512-ZClg6AaYvamvYEE82d3Iyd3vSSIjQ+odgjaTzRuO3s7toCdFKczob2i0zCh7JE8kWn17yvAWhUVxvqGwUalsRA=="
  "resolved" "https://registry.npmjs.org/json-stringify-safe/-/json-stringify-safe-5.0.1.tgz"
  "version" "5.0.1"

"lodash@^4.17.19":
  "integrity" "sha512-v2kDEe57lecTulaDIuNTPy3Ry4gLGJ6Z1O3vE1krgXZNrsQ+LFTGHVxVjcXPs17LhbZVGedAJv8XZ1tvj5FvSg=="
  "resolved" "https://registry.npmjs.org/lodash/-/lodash-4.17.21.tgz"
  "version" "4.17.21"

"md5.js@^1.3.4":
  "integrity" "sha512-xitP+WxNPcTTOgnTJcrhM0xvdPepipPSf3I8EIpGKeFLjt3PlJLIDG3u8EX53ZIubkb+5U2+3rELYpEhHhzdkg=="
  "resolved" "https://registry.npmjs.org/md5.js/-/md5.js-1.3.5.tgz"
  "version" "1.3.5"
  dependencies:
    "hash-base" "^3.0.0"
    "inherits" "^2.0.1"
    "safe-buffer" "^5.1.2"

"miller-rabin@^4.0.0":
  "integrity" "sha512-115fLhvZVqWwHPbClyntxEVfVDfl9DLLTuJvq3g2O/Oxi8AiNouAHvDSzHS0viUJc+V5vm3eq91Xwqn9dp4jRA=="
  "resolved" "https://registry.npmjs.org/miller-rabin/-/miller-rabin-4.0.1.tgz"
  "version" "4.0.1"
  dependencies:
    "bn.js" "^4.0.0"
    "brorand" "^1.0.1"

"minimalistic-assert@^1.0.0", "minimalistic-assert@^1.0.1":
  "integrity" "sha512-UtJcAD4yEaGtjPezWuO9wC4nwUnVH/8/Im3yEHQP4b67cXlD/Qr9hdITCU1xDbSEXg2XKNaP8jsReV7vQd00/A=="
  "resolved" "https://registry.npmjs.org/minimalistic-assert/-/minimalistic-assert-1.0.1.tgz"
  "version" "1.0.1"

"minimalistic-crypto-utils@^1.0.1":
  "integrity" "sha1-9sAMHAsIIkblxNmd+4x8CDsrWCo= sha512-JIYlbt6g8i5jKfJ3xz7rF0LXmv2TkDxBLUkiBeZ7bAx4GnnNMr8xFpGnOxn6GhTEHx3SjRrZEoU+j04prX1ktg=="
  "resolved" "https://registry.npmjs.org/minimalistic-crypto-utils/-/minimalistic-crypto-utils-1.0.1.tgz"
  "version" "1.0.1"

"minimist@^1.2.0", "minimist@^1.2.5":
  "integrity" "sha512-FM9nNUYrRBAELZQT3xeZQ7fmMOBg6nWNmJKTcgsJeaLstP/UODVpGsr5OhXhhXg6f+qtJ8uiZ+PUxkDWcgIXLw=="
  "resolved" "https://registry.npmjs.org/minimist/-/minimist-1.2.5.tgz"
  "version" "1.2.5"

"ms@2.0.0":
  "integrity" "sha1-VgiurfwAvmwpAd9fmGF4jeDVl8g= sha512-Tpp60P6IUJDTuOq/5Z8cdskzJujfwqfOTkrwIwj7IRISpnkJnT6SyJ4PCPnGMoFjC9ddhal5KVIYtAt97ix05A=="
  "resolved" "https://registry.npmjs.org/ms/-/ms-2.0.0.tgz"
  "version" "2.0.0"

"nan@^2.13.2", "nan@^2.14.0":
  "integrity" "sha512-isWHgVjnFjh2x2yuJ/tj3JbwoHu3UC2dX5G/88Cm24yB6YopVgxvBObDY7n5xW6ExmFhJpSEQqFPvq9zaXc8Jw=="
  "resolved" "https://registry.npmjs.org/nan/-/nan-2.14.1.tgz"
  "version" "2.14.1"

"ndjson@^1.5.0":
  "integrity" "sha1-rmA7NrE0vOw0e0UkIrC/mNWDLsg= sha512-hUPLuaziboGjNF7wHngkgVc0FOclR8dDk/HfEvTtDr/iUrqBWiRcRSTK3/nLOqKH33th714BrMmTPtObI9gZxQ=="
  "resolved" "https://registry.npmjs.org/ndjson/-/ndjson-1.5.0.tgz"
  "version" "1.5.0"
  dependencies:
    "json-stringify-safe" "^5.0.1"
    "minimist" "^1.2.0"
    "split2" "^2.1.0"
    "through2" "^2.0.3"

"once@^1.3.1", "once@^1.4.0":
  "integrity" "sha1-WDsap3WWHUsROsF9nFC6753Xa9E= sha512-lNaJgI+2Q5URQBkccEKHTQOPaXdUxnZZElQTZY0MFUAuaEqe1E+Nyvgdz/aIyNi6Z9MzO5dv1H8n58/GELp3+w=="
  "resolved" "https://registry.npmjs.org/once/-/once-1.4.0.tgz"
  "version" "1.4.0"
  dependencies:
    "wrappy" "1"

"parse-asn1@^5.0.0", "parse-asn1@^5.1.5":
  "integrity" "sha512-RnZRo1EPU6JBnra2vGHj0yhp6ebyjBZpmUCLHWiFhxlzvBCCpAuZ7elsBp1PVAbQN0/04VD/19rfzlBSwLstMw=="
  "resolved" "https://registry.npmjs.org/parse-asn1/-/parse-asn1-5.1.6.tgz"
  "version" "5.1.6"
  dependencies:
    "asn1.js" "^5.2.0"
    "browserify-aes" "^1.0.0"
    "evp_bytestokey" "^1.0.0"
    "pbkdf2" "^3.0.3"
    "safe-buffer" "^5.1.1"

"pbkdf2@^3.0.3", "pbkdf2@^3.0.9":
  "integrity" "sha512-4Ejy1OPxi9f2tt1rRV7Go7zmfDQ+ZectEQz3VGUQhgq62HtIRPDyG/JtnwIxs6x3uNMwo2V7q1fMvKjb+Tnpqg=="
  "resolved" "https://registry.npmjs.org/pbkdf2/-/pbkdf2-3.1.1.tgz"
  "version" "3.1.1"
  dependencies:
    "create-hash" "^1.1.2"
    "create-hmac" "^1.1.4"
    "ripemd160" "^2.0.1"
    "safe-buffer" "^5.0.1"
    "sha.js" "^2.4.8"

"pretty-format@^25.2.1", "pretty-format@^25.5.0":
  "integrity" "sha512-kbo/kq2LQ/A/is0PQwsEHM7Ca6//bGPPvU6UnsdDRSKTWxT/ru/xb88v4BJf6a69H+uTytOEsTusT9ksd/1iWQ=="
  "resolved" "https://registry.npmjs.org/pretty-format/-/pretty-format-25.5.0.tgz"
  "version" "25.5.0"
  dependencies:
    "@jest/types" "^25.5.0"
    "ansi-regex" "^5.0.0"
    "ansi-styles" "^4.0.0"
    "react-is" "^16.12.0"

"process-nextick-args@~2.0.0":
  "integrity" "sha512-3ouUOpQhtgrbOa17J7+uxOTpITYWaGP7/AhoR3+A+/1e9skrzelGi/dXzEYyvbxubEF6Wn2ypscTKiKJFFn1ag=="
  "resolved" "https://registry.npmjs.org/process-nextick-args/-/process-nextick-args-2.0.1.tgz"
  "version" "2.0.1"

"protocol-buffers-encodings@^1.1.0":
  "integrity" "sha512-5aFshI9SbhtcMiDiZZu3g2tMlZeS5lhni//AGJ7V34PQLU5JA91Cva7TIs6inZhYikS3OpnUzAUuL6YtS0CyDA=="
  "resolved" "https://registry.npmjs.org/protocol-buffers-encodings/-/protocol-buffers-encodings-1.1.1.tgz"
  "version" "1.1.1"
  dependencies:
    "signed-varint" "^2.0.1"
    "varint" "5.0.0"

"public-encrypt@^4.0.0":
  "integrity" "sha512-zVpa8oKZSz5bTMTFClc1fQOnyyEzpl5ozpi1B5YcvBrdohMjH2rfsBtyXcuNuwjsDIXmBYlF2N5FlJYhR29t8Q=="
  "resolved" "https://registry.npmjs.org/public-encrypt/-/public-encrypt-4.0.3.tgz"
  "version" "4.0.3"
  dependencies:
    "bn.js" "^4.1.0"
    "browserify-rsa" "^4.0.0"
    "create-hash" "^1.1.0"
    "parse-asn1" "^5.0.0"
    "randombytes" "^2.0.1"
    "safe-buffer" "^5.1.2"

"pump@^3.0.0":
  "integrity" "sha512-LwZy+p3SFs1Pytd/jYct4wpv49HiYCqd9Rlc5ZVdk0V+8Yzv6jR5Blk3TRmPL1ft69TxP0IMZGJ+WPFU2BFhww=="
  "resolved" "https://registry.npmjs.org/pump/-/pump-3.0.0.tgz"
  "version" "3.0.0"
  dependencies:
    "end-of-stream" "^1.1.0"
    "once" "^1.3.1"

"pumpify@^2.0.1":
  "integrity" "sha512-m7KOje7jZxrmutanlkS1daj1dS6z6BgslzOXmcSEpIlCxM3VJH7lG5QLeck/6hgF6F4crFf01UtQmNsJfweTAw=="
  "resolved" "https://registry.npmjs.org/pumpify/-/pumpify-2.0.1.tgz"
  "version" "2.0.1"
  dependencies:
    "duplexify" "^4.1.1"
    "inherits" "^2.0.3"
    "pump" "^3.0.0"

"punycode@1.3.2":
  "integrity" "sha1-llOgNvt8HuQjQvIyXM7v6jkmxI0= sha512-RofWgt/7fL5wP1Y7fxE7/EmTLzQVnB0ycyibJ0OOHIlJqTNzglYFxVwETOcIoJqJmpDXJ9xImDv+Fq34F/d4Dw=="
  "resolved" "https://registry.npmjs.org/punycode/-/punycode-1.3.2.tgz"
  "version" "1.3.2"

"querystring@0.2.0":
  "integrity" "sha1-sgmEkgO7Jd+CDadW50cAWHhSFiA= sha512-X/xY82scca2tau62i9mDyU9K+I+djTMUsvwf7xnUX5GLvVzgJybOJf4Y6o9Zx3oJK/LSXg5tTZBjwzqVPaPO2g=="
  "resolved" "https://registry.npmjs.org/querystring/-/querystring-0.2.0.tgz"
  "version" "0.2.0"

"randombytes@^2.0.0", "randombytes@^2.0.1", "randombytes@^2.0.5":
  "integrity" "sha512-vYl3iOX+4CKUWuxGi9Ukhie6fsqXqS9FE2Zaic4tNFD2N2QQaXOMFbuKK4QmDHC0JO6B1Zp41J0LpT0oR68amQ=="
  "resolved" "https://registry.npmjs.org/randombytes/-/randombytes-2.1.0.tgz"
  "version" "2.1.0"
  dependencies:
    "safe-buffer" "^5.1.0"

"randomfill@^1.0.3":
  "integrity" "sha512-87lcbR8+MhcWcUiQ+9e+Rwx8MyR2P7qnt15ynUlbm3TU/fjbgz4GsvfSUDTemtCCtVCqb4ZcEFlyPNTh9bBTLw=="
  "resolved" "https://registry.npmjs.org/randomfill/-/randomfill-1.0.4.tgz"
  "version" "1.0.4"
  dependencies:
    "randombytes" "^2.0.5"
    "safe-buffer" "^5.1.0"

"react-is@^16.12.0":
  "integrity" "sha512-24e6ynE2H+OKt4kqsOvNd8kBpV65zoxbA4BVsEOB3ARVWQki/DHzaUoC5KuON/BiccDaCCTZBuOcfZs70kR8bQ=="
  "resolved" "https://registry.npmjs.org/react-is/-/react-is-16.13.1.tgz"
  "version" "16.13.1"

"readable-stream@^2.0.0", "readable-stream@^2.3.3":
  "integrity" "sha512-Ebho8K4jIbHAxnuxi7o42OrZgF/ZTNcsZj6nRKyUmkhLFq8CHItp/fy6hQZuZmP/n3yZ9VBUbp4zz/mX8hmYPw=="
  "resolved" "https://registry.npmjs.org/readable-stream/-/readable-stream-2.3.7.tgz"
  "version" "2.3.7"
  dependencies:
    "core-util-is" "~1.0.0"
    "inherits" "~2.0.3"
    "isarray" "~1.0.0"
    "process-nextick-args" "~2.0.0"
    "safe-buffer" "~5.1.1"
    "string_decoder" "~1.1.1"
    "util-deprecate" "~1.0.1"

"readable-stream@^3.1.1", "readable-stream@^3.6.0":
  "integrity" "sha512-BViHy7LKeTz4oNnkcLJ+lVSL6vpiFeX6/d3oSH8zCW7UxP2onchk+vTGB143xuFjHS3deTgkKoXXymXqymiIdA=="
  "resolved" "https://registry.npmjs.org/readable-stream/-/readable-stream-3.6.0.tgz"
  "version" "3.6.0"
  dependencies:
    "inherits" "^2.0.3"
    "string_decoder" "^1.1.1"
    "util-deprecate" "^1.0.1"

"readable-stream@~2.3.6":
  "integrity" "sha512-Ebho8K4jIbHAxnuxi7o42OrZgF/ZTNcsZj6nRKyUmkhLFq8CHItp/fy6hQZuZmP/n3yZ9VBUbp4zz/mX8hmYPw=="
  "resolved" "https://registry.npmjs.org/readable-stream/-/readable-stream-2.3.7.tgz"
  "version" "2.3.7"
  dependencies:
    "core-util-is" "~1.0.0"
    "inherits" "~2.0.3"
    "isarray" "~1.0.0"
    "process-nextick-args" "~2.0.0"
    "safe-buffer" "~5.1.1"
    "string_decoder" "~1.1.1"
    "util-deprecate" "~1.0.1"

"regenerator-runtime@^0.13.4":
  "integrity" "sha512-a54FxoJDIr27pgf7IgeQGxmqUNYrcV338lf/6gH456HZ/PhX+5BcwHXG9ajESmwe6WRO0tAzRUrRmNONWgkrew=="
  "resolved" "https://registry.npmjs.org/regenerator-runtime/-/regenerator-runtime-0.13.7.tgz"
  "version" "0.13.7"

"ripemd160@^2.0.0", "ripemd160@^2.0.1":
  "integrity" "sha512-ii4iagi25WusVoiC4B4lq7pbXfAp3D9v5CwfkY33vffw2+pkDjY1D8GaN7spsxvCSx8dkPqOZCEZyfxcmJG2IA=="
  "resolved" "https://registry.npmjs.org/ripemd160/-/ripemd160-2.0.2.tgz"
  "version" "2.0.2"
  dependencies:
    "hash-base" "^3.0.0"
    "inherits" "^2.0.1"

"rxjs@^6.6.3":
  "integrity" "sha512-trsQc+xYYXZ3urjOiJOuCOa5N3jAZ3eiSpQB5hIT8zGlL2QfnHLJ2r7GMkBGuIausdJN1OneaI6gQlsqNHHmZQ=="
  "resolved" "https://registry.npmjs.org/rxjs/-/rxjs-6.6.3.tgz"
  "version" "6.6.3"
  dependencies:
    "tslib" "^1.9.0"

"safe-buffer@^5.0.1", "safe-buffer@^5.1.0", "safe-buffer@^5.1.1", "safe-buffer@^5.1.2", "safe-buffer@^5.2.0", "safe-buffer@~5.2.0":
  "integrity" "sha512-rp3So07KcdmmKbGvgaNxQSJr7bGVSVk5S9Eq1F+ppbRo70+YeaDxkw5Dd8NPN+GD6bjnYm2VuPuCXmpuYvmCXQ=="
  "resolved" "https://registry.npmjs.org/safe-buffer/-/safe-buffer-5.2.1.tgz"
  "version" "5.2.1"

"safe-buffer@~5.1.0", "safe-buffer@~5.1.1":
  "integrity" "sha512-Gd2UZBJDkXlY7GbJxfsE8/nvKkUEU1G38c1siN6QP6a9PT9MmHB8GnpscSmMJSoF8LOIrt8ud/wPtojys4G6+g=="
  "resolved" "https://registry.npmjs.org/safe-buffer/-/safe-buffer-5.1.2.tgz"
  "version" "5.1.2"

"safer-buffer@^2.1.0":
  "integrity" "sha512-YZo3K82SD7Riyi0E1EQPojLz7kpepnSQI9IyPbHHg1XXXevb5dJI7tpyN2ADxGcQbHG7vcyRHk0cbwqcQriUtg=="
  "resolved" "https://registry.npmjs.org/safer-buffer/-/safer-buffer-2.1.2.tgz"
  "version" "2.1.2"

"secp256k1@3.7.1":
  "integrity" "sha512-1cf8sbnRreXrQFdH6qsg2H71Xw91fCCS9Yp021GnUNJzWJS/py96fS4lHbnTnouLp08Xj6jBoBB6V78Tdbdu5g=="
  "resolved" "https://registry.npmjs.org/secp256k1/-/secp256k1-3.7.1.tgz"
  "version" "3.7.1"
  dependencies:
    "bindings" "^1.5.0"
    "bip66" "^1.1.5"
    "bn.js" "^4.11.8"
    "create-hash" "^1.2.0"
    "drbg.js" "^1.0.1"
    "elliptic" "^6.4.1"
    "nan" "^2.14.0"
    "safe-buffer" "^5.1.2"

"secure-random@^1.1.2":
  "integrity" "sha512-H2bdSKERKdBV1SwoqYm6C0y+9EA94v6SUBOWO8kDndc4NoUih7Dv6Tsgma7zO1lv27wIvjlD0ZpMQk7um5dheQ=="
  "resolved" "https://registry.npmjs.org/secure-random/-/secure-random-1.1.2.tgz"
  "version" "1.1.2"

"sha.js@^2.4.0", "sha.js@^2.4.8":
  "integrity" "sha512-QMEp5B7cftE7APOjk5Y6xgrbWu+WkLVQwk8JNjZ8nKRciZaByEW6MubieAiToS7+dwvrjGhH8jRXz3MVd0AYqQ=="
  "resolved" "https://registry.npmjs.org/sha.js/-/sha.js-2.4.11.tgz"
  "version" "2.4.11"
  dependencies:
    "inherits" "^2.0.1"
    "safe-buffer" "^5.0.1"

"signed-varint@^2.0.1":
  "integrity" "sha1-UKmYnafJjCxh2tEZvJdHDvhSgSk= sha512-abgDPg1106vuZZOvw7cFwdCABddfJRz5akcCcchzTbhyhYnsG31y4AlZEgp315T7W3nQq5P4xeOm186ZiPVFzw=="
  "resolved" "https://registry.npmjs.org/signed-varint/-/signed-varint-2.0.1.tgz"
  "version" "2.0.1"
  dependencies:
    "varint" "~5.0.0"

"split2@^2.1.0":
  "integrity" "sha512-RAb22TG39LhI31MbreBgIuKiIKhVsawfTgEGqKHTK87aG+ul/PB8Sqoi3I7kVdRWiCfrKxK3uo4/YUkpNvhPbw=="
  "resolved" "https://registry.npmjs.org/split2/-/split2-2.2.0.tgz"
  "version" "2.2.0"
  dependencies:
    "through2" "^2.0.2"

"stream-shift@^1.0.0":
  "integrity" "sha512-AiisoFqQ0vbGcZgQPY1cdP2I76glaVA/RauYR4G4thNFgkTqr90yXTo4LYX60Jl+sIlPNHHdGSwo01AvbKUSVQ=="
  "resolved" "https://registry.npmjs.org/stream-shift/-/stream-shift-1.0.1.tgz"
  "version" "1.0.1"

"string_decoder@^1.1.1":
  "integrity" "sha512-hkRX8U1WjJFd8LsDJ2yQ/wWWxaopEsABU1XfkM8A+j0+85JAGppt16cr1Whg6KIbb4okU6Mql6BOj+uup/wKeA=="
  "resolved" "https://registry.npmjs.org/string_decoder/-/string_decoder-1.3.0.tgz"
  "version" "1.3.0"
  dependencies:
    "safe-buffer" "~5.2.0"

"string_decoder@~1.1.1":
  "integrity" "sha512-n/ShnvDi6FHbbVfviro+WojiFzv+s8MPMHBczVePfUpDJLwoLT0ht1l4YwBCbi8pJAveEEdnkHyPyTP/mzRfwg=="
  "resolved" "https://registry.npmjs.org/string_decoder/-/string_decoder-1.1.1.tgz"
  "version" "1.1.1"
  dependencies:
    "safe-buffer" "~5.1.0"

"supports-color@^7.1.0":
  "integrity" "sha512-qpCAvRl9stuOHveKsn7HncJRvv501qIacKzQlO/+Lwxc9+0q2wLyv4Dfvt80/DPn2pqOBsJdDiogXGR9+OvwRw=="
  "resolved" "https://registry.npmjs.org/supports-color/-/supports-color-7.2.0.tgz"
  "version" "7.2.0"
  dependencies:
    "has-flag" "^4.0.0"

"through2@^2.0.2", "through2@^2.0.3":
  "integrity" "sha512-/mrRod8xqpA+IHSLyGCQ2s8SPHiCDEeQJSep1jqLYeEUClOFG2Qsh+4FU6G9VeqpZnGW/Su8LQGc4YKni5rYSQ=="
  "resolved" "https://registry.npmjs.org/through2/-/through2-2.0.5.tgz"
  "version" "2.0.5"
  dependencies:
    "readable-stream" "~2.3.6"
    "xtend" "~4.0.1"

"tiny-secp256k1@^1.1.0", "tiny-secp256k1@^1.1.3":
  "integrity" "sha512-duE2hSLSQIpHGzmK48OgRrGTi+4OTkXLC6aa86uOYQ6LLCYZSarVKIAvEtY7MoXjoL6bOXMSerEGMzrvW4SkDw=="
  "resolved" "https://registry.npmjs.org/tiny-secp256k1/-/tiny-secp256k1-1.1.5.tgz"
  "version" "1.1.5"
  dependencies:
    "bindings" "^1.3.0"
    "bn.js" "^4.11.8"
    "create-hmac" "^1.1.7"
    "elliptic" "^6.4.0"
    "nan" "^2.13.2"

"tslib@^1.9.0":
  "integrity" "sha512-+Zw5lu0D9tvBMjGP8LpvMb0u2WW2QV3y+D8mO6J+cNzCYIN4sVy43Bf9vl92nqFahutN0I8zHa7cc4vihIshnw=="
  "resolved" "https://registry.npmjs.org/tslib/-/tslib-1.14.0.tgz"
  "version" "1.14.0"

"typeforce@^1.11.5":
  "integrity" "sha512-7uc1O8h1M1g0rArakJdf0uLRSSgFcYexrVoKo+bzJd32gd4gDy2L/Z+8/FjPnU9ydY3pEnVPtr9FyscYY60K1g=="
  "resolved" "https://registry.npmjs.org/typeforce/-/typeforce-1.18.0.tgz"
  "version" "1.18.0"

"u2f-api@0.2.7":
  "integrity" "sha512-fqLNg8vpvLOD5J/z4B6wpPg4Lvowz1nJ9xdHcCzdUPKcFE/qNCceV2gNZxSJd5vhAZemHr/K/hbzVA0zxB5mkg=="
  "resolved" "https://registry.npmjs.org/u2f-api/-/u2f-api-0.2.7.tgz"
  "version" "0.2.7"

"ultron@~1.1.0":
  "integrity" "sha512-UIEXBNeYmKptWH6z8ZnqTeS8fV74zG0/eRU9VGkpzz+LIJNs8W/zM/L+7ctCkRrgbNnnR0xxw4bKOr0cW0N0Og=="
  "resolved" "https://registry.npmjs.org/ultron/-/ultron-1.1.1.tgz"
  "version" "1.1.1"

"url@^0.11.0":
  "integrity" "sha1-ODjpfPxgUh63PFJajlW/3Z4uKPE= sha512-kbailJa29QrtXnxgq+DdCEGlbTeYM2eJUxsz6vjZavrCYPMIFHMKQmSKYAIuUK2i7hgPm28a8piX5NTUtM/LKQ=="
  "resolved" "https://registry.npmjs.org/url/-/url-0.11.0.tgz"
  "version" "0.11.0"
  dependencies:
    "punycode" "1.3.2"
    "querystring" "0.2.0"

"util-deprecate@^1.0.1", "util-deprecate@~1.0.1":
  "integrity" "sha1-RQ1Nyfpw3nMnYvvS1KKJgUGaDM8= sha512-EPD5q1uXyFxJpCrLnCc1nHnq3gOa6DZBocAIiI2TaSCA7VCJ1UJDMagCzIkXNsUYfD1daK//LTEQ8xiIbrHtcw=="
  "resolved" "https://registry.npmjs.org/util-deprecate/-/util-deprecate-1.0.2.tgz"
  "version" "1.0.2"

"uuid@^3.3.2":
  "integrity" "sha512-HjSDRw6gZE5JMggctHBcjVak08+KEVhSIiDzFnT9S9aegmp85S/bReBVTb4QTFaRNptJ9kuYaNhnbNEOkbKb/A=="
  "resolved" "https://registry.npmjs.org/uuid/-/uuid-3.4.0.tgz"
  "version" "3.4.0"

"varint@~5.0.0", "varint@5.0.0":
  "integrity" "sha1-2Ca4n3SQcy+rwMDtaT7Uddyynr8= sha512-gC13b/bWrqQoKY2EmROCZ+AR0jitc6DnDGaQ6Ls9QpKmuSgJB1eQ7H3KETtQm7qSdMWMKCmsshyCmUwMLh3OAA=="
  "resolved" "https://registry.npmjs.org/varint/-/varint-5.0.0.tgz"
  "version" "5.0.0"

"websocket-stream@^5.5.0":
  "integrity" "sha512-8z49MKIHbGk3C4HtuHWDtYX8mYej1wWabjthC/RupM9ngeukU4IWoM46dgth1UOS/T4/IqgEdCDJuMe2039OQQ=="
  "resolved" "https://registry.npmjs.org/websocket-stream/-/websocket-stream-5.5.2.tgz"
  "version" "5.5.2"
  dependencies:
    "duplexify" "^3.5.1"
    "inherits" "^2.0.1"
    "readable-stream" "^2.3.3"
    "safe-buffer" "^5.1.2"
    "ws" "^3.2.0"
    "xtend" "^4.0.0"

"wif@^2.0.6":
  "integrity" "sha1-CNP1IFbGZnkplyb63g1DKudLRwQ= sha512-HIanZn1zmduSF+BQhkE+YXIbEiH0xPr1012QbFEGB0xsKqJii0/SqJjyn8dFv6y36kOznMgMB+LGcbZTJ1xACQ=="
  "resolved" "https://registry.npmjs.org/wif/-/wif-2.0.6.tgz"
  "version" "2.0.6"
  dependencies:
    "bs58check" "<3.0.0"

"wrappy@1":
  "integrity" "sha1-tSQ9jz7BqjXxNkYFvA0QNuMKtp8= sha512-l4Sp/DRseor9wL6EvV2+TuQn63dMkPjZ/sp9XkghTEbV9KlPS1xUsZ3u7/IQO4wxtcFB4bgpQPRcR3QCvezPcQ=="
  "resolved" "https://registry.npmjs.org/wrappy/-/wrappy-1.0.2.tgz"
  "version" "1.0.2"

"ws@^3.2.0":
  "integrity" "sha512-nnWLa/NwZSt4KQJu51MYlCcSQ5g7INpOrOMt4XV8j4dqTXdmlUmSHQ8/oLC069ckre0fRsgfvsKwbTdtKLCDkA=="
  "resolved" "https://registry.npmjs.org/ws/-/ws-3.3.3.tgz"
  "version" "3.3.3"
  dependencies:
    "async-limiter" "~1.0.0"
    "safe-buffer" "~5.1.0"
    "ultron" "~1.1.0"

"xtend@^4.0.0", "xtend@~4.0.1":
  "integrity" "sha512-LKYU1iAXJXUgAXn9URjiu+MWhyUXHsvfp7mcuYm9dSUKK0/CjtrUwFAxD82/mCWbtLsGjFIad0wIsod4zrTAEQ=="
  "resolved" "https://registry.npmjs.org/xtend/-/xtend-4.0.2.tgz"
  "version" "4.0.2"
